
Microsoft Visual Studio Solution File, Format Version 12.00
# Visual Studio Version 17
VisualStudioVersion = 17.11.35208.52
MinimumVisualStudioVersion = 10.0.40219.1
Project("{FAE04EC0-301F-11D3-BF4B-00C04F79EFBC}") = "userChrome", "userChrome\userChrome.csproj", "{8999A65F-8825-45A5-8AF9-73F0855D0888}"
EndProject
Global
	GlobalSection(SolutionConfigurationPlatforms) = preSolution
		Debug|Any CPU = Debug|Any CPU
		Release|Any CPU = Release|Any CPU
	EndGlobalSection
	GlobalSection(ProjectConfigurationPlatforms) = postSolution
		{8999A65F-8825-45A5-8AF9-73F0855D0888}.Debug|Any CPU.ActiveCfg = Debug|Any CPU
		{8999A65F-8825-45A5-8AF9-73F0855D0888}.Debug|Any CPU.Build.0 = Debug|Any CPU
		{8999A65F-8825-45A5-8AF9-73F0855D0888}.Release|Any CPU.ActiveCfg = Release|Any CPU
		{8999A65F-8825-45A5-8AF9-73F0855D0888}.Release|Any CPU.Build.0 = Release|Any CPU
	EndGlobalSection
	GlobalSection(SolutionProperties) = preSolution
		HideSolutionNode = FALSE
	EndGlobalSection
	GlobalSection(ExtensibilityGlobals) = postSolution
		SolutionGuid = {74B24C9B-E2F5-4A79-8F69-057F7DAD8087}
	EndGlobalSection
EndGlobal
